
Microsoft Visual Studio Solution File, Format Version 12.00
# Visual Studio Version 17
VisualStudioVersion = 17.12.35527.113
MinimumVisualStudioVersion = 10.0.40219.1
Project("{FAE04EC0-301F-11D3-BF4B-00C04F79EFBC}") = "LYTest.WPF", "LYTest.WPF\LYTest.WPF.csproj", "{69238E0C-1637-4AA3-B98E-349AABD11B3A}"
EndProject
Project("{FAE04EC0-301F-11D3-BF4B-00C04F79EFBC}") = "LYTest.DAL", "LYTest.DAL\LYTest.DAL.csproj", "{5EF4554F-F70B-4499-8EF6-07CADD8AF843}"
EndProject
Project("{FAE04EC0-301F-11D3-BF4B-00C04F79EFBC}") = "LYTest.ViewModel", "LYTest.ViewModel\LYTest.ViewModel.csproj", "{9CB85F14-7126-4F14-98EA-F295F604E346}"
EndProject
Project("{FAE04EC0-301F-11D3-BF4B-00C04F79EFBC}") = "LYTest.Utility", "LYTest.Utility\LYTest.Utility.csproj", "{B51CD3E2-0663-4A0D-AF36-B16ED291F033}"
EndProject
Project("{FAE04EC0-301F-11D3-BF4B-00C04F79EFBC}") = "LYTest.Verify", "LYTest.Verify\LYTest.Verify.csproj", "{CB39CC18-6171-487E-BE1D-AB1B4C927A1E}"
EndProject
Project("{FAE04EC0-301F-11D3-BF4B-00C04F79EFBC}") = "ZH3001", "Devices\ZH3001\ZH3001.csproj", "{4D7854BA-CAA9-4543-B25F-C480FD0D88DF}"
EndProject
Project("{FAE04EC0-301F-11D3-BF4B-00C04F79EFBC}") = "ZH311", "Devices\ZH311\ZH311.csproj", "{CD31357A-D8D3-4AD1-BF0B-2ABCFD735F96}"
EndProject
Project("{FAE04EC0-301F-11D3-BF4B-00C04F79EFBC}") = "ZH1113", "Devices\ZH1113\ZH1113.csproj", "{645B9772-D351-4A92-9A56-D1EE446E81D3}"
EndProject
Project("{FAE04EC0-301F-11D3-BF4B-00C04F79EFBC}") = "ZH3501", "Devices\ZH3501\ZH3501.csproj", "{875890BA-D4A0-4100-A924-7F5842C7AB89}"
EndProject
Project("{FAE04EC0-301F-11D3-BF4B-00C04F79EFBC}") = "ZH1106", "Devices\ZH1106\ZH1106.csproj", "{64B8F059-9979-40D2-AA55-AB28D5DF8A8B}"
EndProject
Project("{FAE04EC0-301F-11D3-BF4B-00C04F79EFBC}") = "LYTest.MeterProtocol", "ZH.MeterProtocol\LYTest.MeterProtocol.csproj", "{D2741FCF-183D-4581-AFE8-2DF869B4246A}"
EndProject
Project("{FAE04EC0-301F-11D3-BF4B-00C04F79EFBC}") = "ZH_Rx_31", "Devices\RX_31\ZH_Rx_31.csproj", "{CFD6D70A-A7DE-4DA3-ACA6-7CA21960D4F6}"
EndProject
Project("{FAE04EC0-301F-11D3-BF4B-00C04F79EFBC}") = "LYTest.Core", "LYTest.Core\LYTest.Core.csproj", "{830309E8-432D-437A-9F3E-D7A8925D09B8}"
EndProject
Project("{FAE04EC0-301F-11D3-BF4B-00C04F79EFBC}") = "E_CL309", "Devices\E_CL309\E_CL309.csproj", "{739B039D-FD89-486A-889F-44C74443DDB9}"
EndProject
Project("{FAE04EC0-301F-11D3-BF4B-00C04F79EFBC}") = "LYTest.Mis", "LYTest.Mis\LYTest.Mis.csproj", "{92B1BD49-4868-4D88-B188-30F992E339E2}"
EndProject
Project("{2150E333-8FDC-42A3-9474-1A3956D46DE8}") = "DeviceS", "DeviceS", "{5D3D83A5-9061-4B82-BC28-7957B135E4A3}"
EndProject
Project("{FAE04EC0-301F-11D3-BF4B-00C04F79EFBC}") = "ZHHGQCTR", "Devices\ZHHGQCTR\ZHHGQCTR.csproj", "{15CB906F-8BE8-4F7A-80FA-7C538388DA24}"
EndProject
Project("{FAE04EC0-301F-11D3-BF4B-00C04F79EFBC}") = "ZH2029D", "Devices\ZH2029D\ZH2029D.csproj", "{8CE01EA6-5758-42F8-9593-7D7A5C83692C}"
EndProject
Project("{FAE04EC0-301F-11D3-BF4B-00C04F79EFBC}") = "ZH2029B", "Devices\ZH2029B\ZH2029B.csproj", "{64197B7D-F0E2-4B9C-946A-44A63555F2A4}"
EndProject
Project("{FAE04EC0-301F-11D3-BF4B-00C04F79EFBC}") = "ZH1104", "Devices\ZH1104\ZH1104.csproj", "{D0B46462-1310-4552-B35A-AD7E3FA1BD5A}"
EndProject
Project("{FAE04EC0-301F-11D3-BF4B-00C04F79EFBC}") = "E_CL191B", "Devices\E_CL191B\E_CL191B.csproj", "{88191122-2EB1-4D3A-B4C9-B61E3372ECB2}"
EndProject
Project("{FAE04EC0-301F-11D3-BF4B-00C04F79EFBC}") = "Ainuo_WithstandVoltageInstrument", "Devices\Ainuo_WithstandVoltageInstrument\Ainuo_WithstandVoltageInstrument.csproj", "{EB4FA23F-47D7-4323-9211-2CF60FED0A81}"
EndProject
Project("{FAE04EC0-301F-11D3-BF4B-00C04F79EFBC}") = "Ainuo_WithstandVoltagePlate", "Devices\Ainuo_WithstandVoltagePlate\Ainuo_WithstandVoltagePlate.csproj", "{39AD68C1-8FEF-4B75-82D8-2E6071680737}"
EndProject
Project("{FAE04EC0-301F-11D3-BF4B-00C04F79EFBC}") = "LYTest.DataManager", "LYTest.Management\LYTest.DataManager.csproj", "{F69D0AF2-643D-4A01-A689-93FC2FBFA619}"
EndProject
Project("{FAE04EC0-301F-11D3-BF4B-00C04F79EFBC}") = "LY2001", "Devices\LY2001\LY2001.csproj", "{B000B0DA-8A60-40B3-9B1E-2C4CA74B2668}"
EndProject
Project("{FAE04EC0-301F-11D3-BF4B-00C04F79EFBC}") = "LY3522", "Devices\LY3522\LY3522.csproj", "{E8B19DCB-770E-42EE-A259-93C21CFF4AC7}"
EndProject
Project("{FAE04EC0-301F-11D3-BF4B-00C04F79EFBC}") = "ZHzd", "Devices\ZHzd\ZHzd.csproj", "{3BD1ABA2-4B0D-4616-95A4-2F2F5616FD7A}"
EndProject
Project("{FAE04EC0-301F-11D3-BF4B-00C04F79EFBC}") = "RMT", "Devices\RMT\RMT.csproj", "{9C367492-69E8-4822-BDC2-0F3CA97590F4}"
EndProject
Project("{FAE04EC0-301F-11D3-BF4B-00C04F79EFBC}") = "initialize", "initialize\initialize.csproj", "{79D7444C-E45D-4398-8797-3FC24863AEF3}"
EndProject
Project("{FAE04EC0-301F-11D3-BF4B-00C04F79EFBC}") = "LYbackup", "LYbackup\LYbackup.csproj", "{2B9625AA-7D4F-449E-8D0D-F20CD3A327D5}"
EndProject
Project("{FAE04EC0-301F-11D3-BF4B-00C04F79EFBC}") = "CT20303C", "Devices\CT20303C\CT20303C.csproj", "{FDCA0B44-E666-4A28-9B45-C981943205B0}"
EndProject
Project("{FAE04EC0-301F-11D3-BF4B-00C04F79EFBC}") = "E_CL188M", "Devices\E_CL188M\E_CL188M.csproj", "{A0A1E710-8516-4DAC-8046-DFE6778206DD}"
EndProject
Project("{FAE04EC0-301F-11D3-BF4B-00C04F79EFBC}") = "E_CL3115", "Devices\E_CL3115\E_CL3115.csproj", "{6D59C90E-80FA-4504-B181-7908ADABF4F6}"
EndProject
Project("{FAE04EC0-301F-11D3-BF4B-00C04F79EFBC}") = "LYTest.WPF.SG", "LYTest.WPF.SG\LYTest.WPF.SG.csproj", "{BE567268-B077-4738-A507-F72C383E9359}"
EndProject
Project("{FAE04EC0-301F-11D3-BF4B-00C04F79EFBC}") = "LYTest.Management.SG", "LYTest.Management.SG\LYTest.Management.SG.csproj", "{F536FBDA-D7B0-4ADF-9794-904F2C280D82}"
EndProject
Project("{FAE04EC0-301F-11D3-BF4B-00C04F79EFBC}") = "LYTest.Theme", "LYTest.Theme\LYTest.Theme.csproj", "{9A0DF1D1-3D6E-4D14-9C6B-DDFB21E979E0}"
EndProject
Project("{FAE04EC0-301F-11D3-BF4B-00C04F79EFBC}") = "Run", "Run\Run.csproj", "{CDBEB84B-A8CF-4CC2-A559-EB22E05464B0}"
EndProject
Project("{2150E333-8FDC-42A3-9474-1A3956D46DE8}") = "解决方案项", "解决方案项", "{25936283-71A1-4F9C-9173-C898292E9E2E}"
	ProjectSection(SolutionItems) = preProject
		说明.md = 说明.md
	EndProjectSection
EndProject
Global
	GlobalSection(SolutionConfigurationPlatforms) = preSolution
		Debug|Any CPU = Debug|Any CPU
		Debug|x64 = Debug|x64
		Debug|x86 = Debug|x86
		Release|Any CPU = Release|Any CPU
		Release|x64 = Release|x64
		Release|x86 = Release|x86
	EndGlobalSection
	GlobalSection(ProjectConfigurationPlatforms) = postSolution
		{69238E0C-1637-4AA3-B98E-349AABD11B3A}.Debug|Any CPU.ActiveCfg = Debug|Any CPU
		{69238E0C-1637-4AA3-B98E-349AABD11B3A}.Debug|Any CPU.Build.0 = Debug|Any CPU
		{69238E0C-1637-4AA3-B98E-349AABD11B3A}.Debug|x64.ActiveCfg = Debug|x64
		{69238E0C-1637-4AA3-B98E-349AABD11B3A}.Debug|x64.Build.0 = Debug|x64
		{69238E0C-1637-4AA3-B98E-349AABD11B3A}.Debug|x86.ActiveCfg = Debug|x86
		{69238E0C-1637-4AA3-B98E-349AABD11B3A}.Debug|x86.Build.0 = Debug|x86
		{69238E0C-1637-4AA3-B98E-349AABD11B3A}.Release|Any CPU.ActiveCfg = Release|Any CPU
		{69238E0C-1637-4AA3-B98E-349AABD11B3A}.Release|Any CPU.Build.0 = Release|Any CPU
		{69238E0C-1637-4AA3-B98E-349AABD11B3A}.Release|x64.ActiveCfg = Release|x64
		{69238E0C-1637-4AA3-B98E-349AABD11B3A}.Release|x64.Build.0 = Release|x64
		{69238E0C-1637-4AA3-B98E-349AABD11B3A}.Release|x86.ActiveCfg = Release|x86
		{69238E0C-1637-4AA3-B98E-349AABD11B3A}.Release|x86.Build.0 = Release|x86
		{5EF4554F-F70B-4499-8EF6-07CADD8AF843}.Debug|Any CPU.ActiveCfg = Debug|Any CPU
		{5EF4554F-F70B-4499-8EF6-07CADD8AF843}.Debug|Any CPU.Build.0 = Debug|Any CPU
		{5EF4554F-F70B-4499-8EF6-07CADD8AF843}.Debug|x64.ActiveCfg = Debug|x64
		{5EF4554F-F70B-4499-8EF6-07CADD8AF843}.Debug|x64.Build.0 = Debug|x64
		{5EF4554F-F70B-4499-8EF6-07CADD8AF843}.Debug|x86.ActiveCfg = Debug|x86
		{5EF4554F-F70B-4499-8EF6-07CADD8AF843}.Debug|x86.Build.0 = Debug|x86
		{5EF4554F-F70B-4499-8EF6-07CADD8AF843}.Release|Any CPU.ActiveCfg = Release|Any CPU
		{5EF4554F-F70B-4499-8EF6-07CADD8AF843}.Release|Any CPU.Build.0 = Release|Any CPU
		{5EF4554F-F70B-4499-8EF6-07CADD8AF843}.Release|x64.ActiveCfg = Release|x64
		{5EF4554F-F70B-4499-8EF6-07CADD8AF843}.Release|x64.Build.0 = Release|x64
		{5EF4554F-F70B-4499-8EF6-07CADD8AF843}.Release|x86.ActiveCfg = Release|x86
		{5EF4554F-F70B-4499-8EF6-07CADD8AF843}.Release|x86.Build.0 = Release|x86
		{9CB85F14-7126-4F14-98EA-F295F604E346}.Debug|Any CPU.ActiveCfg = Debug|Any CPU
		{9CB85F14-7126-4F14-98EA-F295F604E346}.Debug|Any CPU.Build.0 = Debug|Any CPU
		{9CB85F14-7126-4F14-98EA-F295F604E346}.Debug|x64.ActiveCfg = Debug|x64
		{9CB85F14-7126-4F14-98EA-F295F604E346}.Debug|x64.Build.0 = Debug|x64
		{9CB85F14-7126-4F14-98EA-F295F604E346}.Debug|x86.ActiveCfg = Debug|x86
		{9CB85F14-7126-4F14-98EA-F295F604E346}.Debug|x86.Build.0 = Debug|x86
		{9CB85F14-7126-4F14-98EA-F295F604E346}.Release|Any CPU.ActiveCfg = Release|Any CPU
		{9CB85F14-7126-4F14-98EA-F295F604E346}.Release|Any CPU.Build.0 = Release|Any CPU
		{9CB85F14-7126-4F14-98EA-F295F604E346}.Release|x64.ActiveCfg = Release|x64
		{9CB85F14-7126-4F14-98EA-F295F604E346}.Release|x64.Build.0 = Release|x64
		{9CB85F14-7126-4F14-98EA-F295F604E346}.Release|x86.ActiveCfg = Release|x86
		{9CB85F14-7126-4F14-98EA-F295F604E346}.Release|x86.Build.0 = Release|x86
		{B51CD3E2-0663-4A0D-AF36-B16ED291F033}.Debug|Any CPU.ActiveCfg = Debug|Any CPU
		{B51CD3E2-0663-4A0D-AF36-B16ED291F033}.Debug|Any CPU.Build.0 = Debug|Any CPU
		{B51CD3E2-0663-4A0D-AF36-B16ED291F033}.Debug|x64.ActiveCfg = Debug|x64
		{B51CD3E2-0663-4A0D-AF36-B16ED291F033}.Debug|x64.Build.0 = Debug|x64
		{B51CD3E2-0663-4A0D-AF36-B16ED291F033}.Debug|x86.ActiveCfg = Debug|x86
		{B51CD3E2-0663-4A0D-AF36-B16ED291F033}.Debug|x86.Build.0 = Debug|x86
		{B51CD3E2-0663-4A0D-AF36-B16ED291F033}.Release|Any CPU.ActiveCfg = Release|Any CPU
		{B51CD3E2-0663-4A0D-AF36-B16ED291F033}.Release|Any CPU.Build.0 = Release|Any CPU
		{B51CD3E2-0663-4A0D-AF36-B16ED291F033}.Release|x64.ActiveCfg = Release|x64
		{B51CD3E2-0663-4A0D-AF36-B16ED291F033}.Release|x64.Build.0 = Release|x64
		{B51CD3E2-0663-4A0D-AF36-B16ED291F033}.Release|x86.ActiveCfg = Release|x86
		{B51CD3E2-0663-4A0D-AF36-B16ED291F033}.Release|x86.Build.0 = Release|x86
		{CB39CC18-6171-487E-BE1D-AB1B4C927A1E}.Debug|Any CPU.ActiveCfg = Debug|Any CPU
		{CB39CC18-6171-487E-BE1D-AB1B4C927A1E}.Debug|Any CPU.Build.0 = Debug|Any CPU
		{CB39CC18-6171-487E-BE1D-AB1B4C927A1E}.Debug|x64.ActiveCfg = Debug|x64
		{CB39CC18-6171-487E-BE1D-AB1B4C927A1E}.Debug|x64.Build.0 = Debug|x64
		{CB39CC18-6171-487E-BE1D-AB1B4C927A1E}.Debug|x86.ActiveCfg = Debug|x86
		{CB39CC18-6171-487E-BE1D-AB1B4C927A1E}.Debug|x86.Build.0 = Debug|x86
		{CB39CC18-6171-487E-BE1D-AB1B4C927A1E}.Release|Any CPU.ActiveCfg = Release|Any CPU
		{CB39CC18-6171-487E-BE1D-AB1B4C927A1E}.Release|Any CPU.Build.0 = Release|Any CPU
		{CB39CC18-6171-487E-BE1D-AB1B4C927A1E}.Release|x64.ActiveCfg = Release|x64
		{CB39CC18-6171-487E-BE1D-AB1B4C927A1E}.Release|x64.Build.0 = Release|x64
		{CB39CC18-6171-487E-BE1D-AB1B4C927A1E}.Release|x86.ActiveCfg = Release|x86
		{CB39CC18-6171-487E-BE1D-AB1B4C927A1E}.Release|x86.Build.0 = Release|x86
		{4D7854BA-CAA9-4543-B25F-C480FD0D88DF}.Debug|Any CPU.ActiveCfg = Debug|Any CPU
		{4D7854BA-CAA9-4543-B25F-C480FD0D88DF}.Debug|Any CPU.Build.0 = Debug|Any CPU
		{4D7854BA-CAA9-4543-B25F-C480FD0D88DF}.Debug|x64.ActiveCfg = Debug|x64
		{4D7854BA-CAA9-4543-B25F-C480FD0D88DF}.Debug|x64.Build.0 = Debug|x64
		{4D7854BA-CAA9-4543-B25F-C480FD0D88DF}.Debug|x86.ActiveCfg = Debug|x86
		{4D7854BA-CAA9-4543-B25F-C480FD0D88DF}.Debug|x86.Build.0 = Debug|x86
		{4D7854BA-CAA9-4543-B25F-C480FD0D88DF}.Release|Any CPU.ActiveCfg = Release|Any CPU
		{4D7854BA-CAA9-4543-B25F-C480FD0D88DF}.Release|Any CPU.Build.0 = Release|Any CPU
		{4D7854BA-CAA9-4543-B25F-C480FD0D88DF}.Release|x64.ActiveCfg = Release|x64
		{4D7854BA-CAA9-4543-B25F-C480FD0D88DF}.Release|x64.Build.0 = Release|x64
		{4D7854BA-CAA9-4543-B25F-C480FD0D88DF}.Release|x86.ActiveCfg = Release|x86
		{4D7854BA-CAA9-4543-B25F-C480FD0D88DF}.Release|x86.Build.0 = Release|x86
		{CD31357A-D8D3-4AD1-BF0B-2ABCFD735F96}.Debug|Any CPU.ActiveCfg = Debug|Any CPU
		{CD31357A-D8D3-4AD1-BF0B-2ABCFD735F96}.Debug|Any CPU.Build.0 = Debug|Any CPU
		{CD31357A-D8D3-4AD1-BF0B-2ABCFD735F96}.Debug|x64.ActiveCfg = Debug|x64
		{CD31357A-D8D3-4AD1-BF0B-2ABCFD735F96}.Debug|x64.Build.0 = Debug|x64
		{CD31357A-D8D3-4AD1-BF0B-2ABCFD735F96}.Debug|x86.ActiveCfg = Debug|x86
		{CD31357A-D8D3-4AD1-BF0B-2ABCFD735F96}.Debug|x86.Build.0 = Debug|x86
		{CD31357A-D8D3-4AD1-BF0B-2ABCFD735F96}.Release|Any CPU.ActiveCfg = Release|Any CPU
		{CD31357A-D8D3-4AD1-BF0B-2ABCFD735F96}.Release|Any CPU.Build.0 = Release|Any CPU
		{CD31357A-D8D3-4AD1-BF0B-2ABCFD735F96}.Release|x64.ActiveCfg = Release|x64
		{CD31357A-D8D3-4AD1-BF0B-2ABCFD735F96}.Release|x64.Build.0 = Release|x64
		{CD31357A-D8D3-4AD1-BF0B-2ABCFD735F96}.Release|x86.ActiveCfg = Release|x86
		{CD31357A-D8D3-4AD1-BF0B-2ABCFD735F96}.Release|x86.Build.0 = Release|x86
		{645B9772-D351-4A92-9A56-D1EE446E81D3}.Debug|Any CPU.ActiveCfg = Debug|Any CPU
		{645B9772-D351-4A92-9A56-D1EE446E81D3}.Debug|Any CPU.Build.0 = Debug|Any CPU
		{645B9772-D351-4A92-9A56-D1EE446E81D3}.Debug|x64.ActiveCfg = Debug|x64
		{645B9772-D351-4A92-9A56-D1EE446E81D3}.Debug|x64.Build.0 = Debug|x64
		{645B9772-D351-4A92-9A56-D1EE446E81D3}.Debug|x86.ActiveCfg = Debug|x86
		{645B9772-D351-4A92-9A56-D1EE446E81D3}.Debug|x86.Build.0 = Debug|x86
		{645B9772-D351-4A92-9A56-D1EE446E81D3}.Release|Any CPU.ActiveCfg = Release|Any CPU
		{645B9772-D351-4A92-9A56-D1EE446E81D3}.Release|Any CPU.Build.0 = Release|Any CPU
		{645B9772-D351-4A92-9A56-D1EE446E81D3}.Release|x64.ActiveCfg = Release|x64
		{645B9772-D351-4A92-9A56-D1EE446E81D3}.Release|x64.Build.0 = Release|x64
		{645B9772-D351-4A92-9A56-D1EE446E81D3}.Release|x86.ActiveCfg = Release|x86
		{645B9772-D351-4A92-9A56-D1EE446E81D3}.Release|x86.Build.0 = Release|x86
		{875890BA-D4A0-4100-A924-7F5842C7AB89}.Debug|Any CPU.ActiveCfg = Debug|Any CPU
		{875890BA-D4A0-4100-A924-7F5842C7AB89}.Debug|Any CPU.Build.0 = Debug|Any CPU
		{875890BA-D4A0-4100-A924-7F5842C7AB89}.Debug|x64.ActiveCfg = Debug|x64
		{875890BA-D4A0-4100-A924-7F5842C7AB89}.Debug|x64.Build.0 = Debug|x64
		{875890BA-D4A0-4100-A924-7F5842C7AB89}.Debug|x86.ActiveCfg = Debug|x86
		{875890BA-D4A0-4100-A924-7F5842C7AB89}.Debug|x86.Build.0 = Debug|x86
		{875890BA-D4A0-4100-A924-7F5842C7AB89}.Release|Any CPU.ActiveCfg = Release|Any CPU
		{875890BA-D4A0-4100-A924-7F5842C7AB89}.Release|Any CPU.Build.0 = Release|Any CPU
		{875890BA-D4A0-4100-A924-7F5842C7AB89}.Release|x64.ActiveCfg = Release|x64
		{875890BA-D4A0-4100-A924-7F5842C7AB89}.Release|x64.Build.0 = Release|x64
		{875890BA-D4A0-4100-A924-7F5842C7AB89}.Release|x86.ActiveCfg = Release|x86
		{875890BA-D4A0-4100-A924-7F5842C7AB89}.Release|x86.Build.0 = Release|x86
		{64B8F059-9979-40D2-AA55-AB28D5DF8A8B}.Debug|Any CPU.ActiveCfg = Debug|Any CPU
		{64B8F059-9979-40D2-AA55-AB28D5DF8A8B}.Debug|Any CPU.Build.0 = Debug|Any CPU
		{64B8F059-9979-40D2-AA55-AB28D5DF8A8B}.Debug|x64.ActiveCfg = Debug|x64
		{64B8F059-9979-40D2-AA55-AB28D5DF8A8B}.Debug|x64.Build.0 = Debug|x64
		{64B8F059-9979-40D2-AA55-AB28D5DF8A8B}.Debug|x86.ActiveCfg = Debug|x86
		{64B8F059-9979-40D2-AA55-AB28D5DF8A8B}.Debug|x86.Build.0 = Debug|x86
		{64B8F059-9979-40D2-AA55-AB28D5DF8A8B}.Release|Any CPU.ActiveCfg = Release|Any CPU
		{64B8F059-9979-40D2-AA55-AB28D5DF8A8B}.Release|Any CPU.Build.0 = Release|Any CPU
		{64B8F059-9979-40D2-AA55-AB28D5DF8A8B}.Release|x64.ActiveCfg = Release|x64
		{64B8F059-9979-40D2-AA55-AB28D5DF8A8B}.Release|x64.Build.0 = Release|x64
		{64B8F059-9979-40D2-AA55-AB28D5DF8A8B}.Release|x86.ActiveCfg = Release|x86
		{64B8F059-9979-40D2-AA55-AB28D5DF8A8B}.Release|x86.Build.0 = Release|x86
		{D2741FCF-183D-4581-AFE8-2DF869B4246A}.Debug|Any CPU.ActiveCfg = Debug|Any CPU
		{D2741FCF-183D-4581-AFE8-2DF869B4246A}.Debug|Any CPU.Build.0 = Debug|Any CPU
		{D2741FCF-183D-4581-AFE8-2DF869B4246A}.Debug|x64.ActiveCfg = Debug|x64
		{D2741FCF-183D-4581-AFE8-2DF869B4246A}.Debug|x64.Build.0 = Debug|x64
		{D2741FCF-183D-4581-AFE8-2DF869B4246A}.Debug|x86.ActiveCfg = Debug|x86
		{D2741FCF-183D-4581-AFE8-2DF869B4246A}.Debug|x86.Build.0 = Debug|x86
		{D2741FCF-183D-4581-AFE8-2DF869B4246A}.Release|Any CPU.ActiveCfg = Release|Any CPU
		{D2741FCF-183D-4581-AFE8-2DF869B4246A}.Release|Any CPU.Build.0 = Release|Any CPU
		{D2741FCF-183D-4581-AFE8-2DF869B4246A}.Release|x64.ActiveCfg = Release|x64
		{D2741FCF-183D-4581-AFE8-2DF869B4246A}.Release|x64.Build.0 = Release|x64
		{D2741FCF-183D-4581-AFE8-2DF869B4246A}.Release|x86.ActiveCfg = Release|x86
		{D2741FCF-183D-4581-AFE8-2DF869B4246A}.Release|x86.Build.0 = Release|x86
		{CFD6D70A-A7DE-4DA3-ACA6-7CA21960D4F6}.Debug|Any CPU.ActiveCfg = Debug|Any CPU
		{CFD6D70A-A7DE-4DA3-ACA6-7CA21960D4F6}.Debug|Any CPU.Build.0 = Debug|Any CPU
		{CFD6D70A-A7DE-4DA3-ACA6-7CA21960D4F6}.Debug|x64.ActiveCfg = Debug|x64
		{CFD6D70A-A7DE-4DA3-ACA6-7CA21960D4F6}.Debug|x64.Build.0 = Debug|x64
		{CFD6D70A-A7DE-4DA3-ACA6-7CA21960D4F6}.Debug|x86.ActiveCfg = Debug|x86
		{CFD6D70A-A7DE-4DA3-ACA6-7CA21960D4F6}.Debug|x86.Build.0 = Debug|x86
		{CFD6D70A-A7DE-4DA3-ACA6-7CA21960D4F6}.Release|Any CPU.ActiveCfg = Release|Any CPU
		{CFD6D70A-A7DE-4DA3-ACA6-7CA21960D4F6}.Release|Any CPU.Build.0 = Release|Any CPU
		{CFD6D70A-A7DE-4DA3-ACA6-7CA21960D4F6}.Release|x64.ActiveCfg = Release|x64
		{CFD6D70A-A7DE-4DA3-ACA6-7CA21960D4F6}.Release|x64.Build.0 = Release|x64
		{CFD6D70A-A7DE-4DA3-ACA6-7CA21960D4F6}.Release|x86.ActiveCfg = Release|x86
		{CFD6D70A-A7DE-4DA3-ACA6-7CA21960D4F6}.Release|x86.Build.0 = Release|x86
		{830309E8-432D-437A-9F3E-D7A8925D09B8}.Debug|Any CPU.ActiveCfg = Debug|Any CPU
		{830309E8-432D-437A-9F3E-D7A8925D09B8}.Debug|Any CPU.Build.0 = Debug|Any CPU
		{830309E8-432D-437A-9F3E-D7A8925D09B8}.Debug|x64.ActiveCfg = Debug|x64
		{830309E8-432D-437A-9F3E-D7A8925D09B8}.Debug|x64.Build.0 = Debug|x64
		{830309E8-432D-437A-9F3E-D7A8925D09B8}.Debug|x86.ActiveCfg = Debug|x86
		{830309E8-432D-437A-9F3E-D7A8925D09B8}.Debug|x86.Build.0 = Debug|x86
		{830309E8-432D-437A-9F3E-D7A8925D09B8}.Release|Any CPU.ActiveCfg = Release|Any CPU
		{830309E8-432D-437A-9F3E-D7A8925D09B8}.Release|Any CPU.Build.0 = Release|Any CPU
		{830309E8-432D-437A-9F3E-D7A8925D09B8}.Release|x64.ActiveCfg = Release|x64
		{830309E8-432D-437A-9F3E-D7A8925D09B8}.Release|x64.Build.0 = Release|x64
		{830309E8-432D-437A-9F3E-D7A8925D09B8}.Release|x86.ActiveCfg = Release|x86
		{830309E8-432D-437A-9F3E-D7A8925D09B8}.Release|x86.Build.0 = Release|x86
		{739B039D-FD89-486A-889F-44C74443DDB9}.Debug|Any CPU.ActiveCfg = Debug|Any CPU
		{739B039D-FD89-486A-889F-44C74443DDB9}.Debug|Any CPU.Build.0 = Debug|Any CPU
		{739B039D-FD89-486A-889F-44C74443DDB9}.Debug|x64.ActiveCfg = Debug|x64
		{739B039D-FD89-486A-889F-44C74443DDB9}.Debug|x64.Build.0 = Debug|x64
		{739B039D-FD89-486A-889F-44C74443DDB9}.Debug|x86.ActiveCfg = Debug|x86
		{739B039D-FD89-486A-889F-44C74443DDB9}.Debug|x86.Build.0 = Debug|x86
		{739B039D-FD89-486A-889F-44C74443DDB9}.Release|Any CPU.ActiveCfg = Release|Any CPU
		{739B039D-FD89-486A-889F-44C74443DDB9}.Release|Any CPU.Build.0 = Release|Any CPU
		{739B039D-FD89-486A-889F-44C74443DDB9}.Release|x64.ActiveCfg = Release|x64
		{739B039D-FD89-486A-889F-44C74443DDB9}.Release|x64.Build.0 = Release|x64
		{739B039D-FD89-486A-889F-44C74443DDB9}.Release|x86.ActiveCfg = Release|x86
		{739B039D-FD89-486A-889F-44C74443DDB9}.Release|x86.Build.0 = Release|x86
		{92B1BD49-4868-4D88-B188-30F992E339E2}.Debug|Any CPU.ActiveCfg = Debug|Any CPU
		{92B1BD49-4868-4D88-B188-30F992E339E2}.Debug|Any CPU.Build.0 = Debug|Any CPU
		{92B1BD49-4868-4D88-B188-30F992E339E2}.Debug|x64.ActiveCfg = Debug|x64
		{92B1BD49-4868-4D88-B188-30F992E339E2}.Debug|x64.Build.0 = Debug|x64
		{92B1BD49-4868-4D88-B188-30F992E339E2}.Debug|x86.ActiveCfg = Debug|x86
		{92B1BD49-4868-4D88-B188-30F992E339E2}.Debug|x86.Build.0 = Debug|x86
		{92B1BD49-4868-4D88-B188-30F992E339E2}.Release|Any CPU.ActiveCfg = Release|Any CPU
		{92B1BD49-4868-4D88-B188-30F992E339E2}.Release|Any CPU.Build.0 = Release|Any CPU
		{92B1BD49-4868-4D88-B188-30F992E339E2}.Release|x64.ActiveCfg = Release|x64
		{92B1BD49-4868-4D88-B188-30F992E339E2}.Release|x64.Build.0 = Release|x64
		{92B1BD49-4868-4D88-B188-30F992E339E2}.Release|x86.ActiveCfg = Release|x86
		{92B1BD49-4868-4D88-B188-30F992E339E2}.Release|x86.Build.0 = Release|x86
		{15CB906F-8BE8-4F7A-80FA-7C538388DA24}.Debug|Any CPU.ActiveCfg = Debug|Any CPU
		{15CB906F-8BE8-4F7A-80FA-7C538388DA24}.Debug|Any CPU.Build.0 = Debug|Any CPU
		{15CB906F-8BE8-4F7A-80FA-7C538388DA24}.Debug|x64.ActiveCfg = Debug|x64
		{15CB906F-8BE8-4F7A-80FA-7C538388DA24}.Debug|x64.Build.0 = Debug|x64
		{15CB906F-8BE8-4F7A-80FA-7C538388DA24}.Debug|x86.ActiveCfg = Debug|x86
		{15CB906F-8BE8-4F7A-80FA-7C538388DA24}.Debug|x86.Build.0 = Debug|x86
		{15CB906F-8BE8-4F7A-80FA-7C538388DA24}.Release|Any CPU.ActiveCfg = Release|Any CPU
		{15CB906F-8BE8-4F7A-80FA-7C538388DA24}.Release|Any CPU.Build.0 = Release|Any CPU
		{15CB906F-8BE8-4F7A-80FA-7C538388DA24}.Release|x64.ActiveCfg = Release|x64
		{15CB906F-8BE8-4F7A-80FA-7C538388DA24}.Release|x64.Build.0 = Release|x64
		{15CB906F-8BE8-4F7A-80FA-7C538388DA24}.Release|x86.ActiveCfg = Release|x86
		{15CB906F-8BE8-4F7A-80FA-7C538388DA24}.Release|x86.Build.0 = Release|x86
		{8CE01EA6-5758-42F8-9593-7D7A5C83692C}.Debug|Any CPU.ActiveCfg = Debug|Any CPU
		{8CE01EA6-5758-42F8-9593-7D7A5C83692C}.Debug|Any CPU.Build.0 = Debug|Any CPU
		{8CE01EA6-5758-42F8-9593-7D7A5C83692C}.Debug|x64.ActiveCfg = Debug|x64
		{8CE01EA6-5758-42F8-9593-7D7A5C83692C}.Debug|x64.Build.0 = Debug|x64
		{8CE01EA6-5758-42F8-9593-7D7A5C83692C}.Debug|x86.ActiveCfg = Debug|x86
		{8CE01EA6-5758-42F8-9593-7D7A5C83692C}.Debug|x86.Build.0 = Debug|x86
		{8CE01EA6-5758-42F8-9593-7D7A5C83692C}.Release|Any CPU.ActiveCfg = Release|Any CPU
		{8CE01EA6-5758-42F8-9593-7D7A5C83692C}.Release|Any CPU.Build.0 = Release|Any CPU
		{8CE01EA6-5758-42F8-9593-7D7A5C83692C}.Release|x64.ActiveCfg = Release|x64
		{8CE01EA6-5758-42F8-9593-7D7A5C83692C}.Release|x64.Build.0 = Release|x64
		{8CE01EA6-5758-42F8-9593-7D7A5C83692C}.Release|x86.ActiveCfg = Release|x86
		{8CE01EA6-5758-42F8-9593-7D7A5C83692C}.Release|x86.Build.0 = Release|x86
		{64197B7D-F0E2-4B9C-946A-44A63555F2A4}.Debug|Any CPU.ActiveCfg = Debug|Any CPU
		{64197B7D-F0E2-4B9C-946A-44A63555F2A4}.Debug|Any CPU.Build.0 = Debug|Any CPU
		{64197B7D-F0E2-4B9C-946A-44A63555F2A4}.Debug|x64.ActiveCfg = Debug|x64
		{64197B7D-F0E2-4B9C-946A-44A63555F2A4}.Debug|x64.Build.0 = Debug|x64
		{64197B7D-F0E2-4B9C-946A-44A63555F2A4}.Debug|x86.ActiveCfg = Debug|x86
		{64197B7D-F0E2-4B9C-946A-44A63555F2A4}.Debug|x86.Build.0 = Debug|x86
		{64197B7D-F0E2-4B9C-946A-44A63555F2A4}.Release|Any CPU.ActiveCfg = Release|Any CPU
		{64197B7D-F0E2-4B9C-946A-44A63555F2A4}.Release|Any CPU.Build.0 = Release|Any CPU
		{64197B7D-F0E2-4B9C-946A-44A63555F2A4}.Release|x64.ActiveCfg = Release|x64
		{64197B7D-F0E2-4B9C-946A-44A63555F2A4}.Release|x64.Build.0 = Release|x64
		{64197B7D-F0E2-4B9C-946A-44A63555F2A4}.Release|x86.ActiveCfg = Release|x86
		{64197B7D-F0E2-4B9C-946A-44A63555F2A4}.Release|x86.Build.0 = Release|x86
		{D0B46462-1310-4552-B35A-AD7E3FA1BD5A}.Debug|Any CPU.ActiveCfg = Debug|Any CPU
		{D0B46462-1310-4552-B35A-AD7E3FA1BD5A}.Debug|Any CPU.Build.0 = Debug|Any CPU
		{D0B46462-1310-4552-B35A-AD7E3FA1BD5A}.Debug|x64.ActiveCfg = Debug|x64
		{D0B46462-1310-4552-B35A-AD7E3FA1BD5A}.Debug|x64.Build.0 = Debug|x64
		{D0B46462-1310-4552-B35A-AD7E3FA1BD5A}.Debug|x86.ActiveCfg = Debug|x86
		{D0B46462-1310-4552-B35A-AD7E3FA1BD5A}.Debug|x86.Build.0 = Debug|x86
		{D0B46462-1310-4552-B35A-AD7E3FA1BD5A}.Release|Any CPU.ActiveCfg = Release|Any CPU
		{D0B46462-1310-4552-B35A-AD7E3FA1BD5A}.Release|Any CPU.Build.0 = Release|Any CPU
		{D0B46462-1310-4552-B35A-AD7E3FA1BD5A}.Release|x64.ActiveCfg = Release|x64
		{D0B46462-1310-4552-B35A-AD7E3FA1BD5A}.Release|x64.Build.0 = Release|x64
		{D0B46462-1310-4552-B35A-AD7E3FA1BD5A}.Release|x86.ActiveCfg = Release|x86
		{D0B46462-1310-4552-B35A-AD7E3FA1BD5A}.Release|x86.Build.0 = Release|x86
		{88191122-2EB1-4D3A-B4C9-B61E3372ECB2}.Debug|Any CPU.ActiveCfg = Debug|Any CPU
		{88191122-2EB1-4D3A-B4C9-B61E3372ECB2}.Debug|Any CPU.Build.0 = Debug|Any CPU
		{88191122-2EB1-4D3A-B4C9-B61E3372ECB2}.Debug|x64.ActiveCfg = Debug|x64
		{88191122-2EB1-4D3A-B4C9-B61E3372ECB2}.Debug|x64.Build.0 = Debug|x64
		{88191122-2EB1-4D3A-B4C9-B61E3372ECB2}.Debug|x86.ActiveCfg = Debug|x86
		{88191122-2EB1-4D3A-B4C9-B61E3372ECB2}.Debug|x86.Build.0 = Debug|x86
		{88191122-2EB1-4D3A-B4C9-B61E3372ECB2}.Release|Any CPU.ActiveCfg = Release|Any CPU
		{88191122-2EB1-4D3A-B4C9-B61E3372ECB2}.Release|Any CPU.Build.0 = Release|Any CPU
		{88191122-2EB1-4D3A-B4C9-B61E3372ECB2}.Release|x64.ActiveCfg = Release|x64
		{88191122-2EB1-4D3A-B4C9-B61E3372ECB2}.Release|x64.Build.0 = Release|x64
		{88191122-2EB1-4D3A-B4C9-B61E3372ECB2}.Release|x86.ActiveCfg = Release|x86
		{88191122-2EB1-4D3A-B4C9-B61E3372ECB2}.Release|x86.Build.0 = Release|x86
		{EB4FA23F-47D7-4323-9211-2CF60FED0A81}.Debug|Any CPU.ActiveCfg = Debug|Any CPU
		{EB4FA23F-47D7-4323-9211-2CF60FED0A81}.Debug|Any CPU.Build.0 = Debug|Any CPU
		{EB4FA23F-47D7-4323-9211-2CF60FED0A81}.Debug|x64.ActiveCfg = Debug|x64
		{EB4FA23F-47D7-4323-9211-2CF60FED0A81}.Debug|x64.Build.0 = Debug|x64
		{EB4FA23F-47D7-4323-9211-2CF60FED0A81}.Debug|x86.ActiveCfg = Debug|x86
		{EB4FA23F-47D7-4323-9211-2CF60FED0A81}.Debug|x86.Build.0 = Debug|x86
		{EB4FA23F-47D7-4323-9211-2CF60FED0A81}.Release|Any CPU.ActiveCfg = Release|Any CPU
		{EB4FA23F-47D7-4323-9211-2CF60FED0A81}.Release|Any CPU.Build.0 = Release|Any CPU
		{EB4FA23F-47D7-4323-9211-2CF60FED0A81}.Release|x64.ActiveCfg = Release|x64
		{EB4FA23F-47D7-4323-9211-2CF60FED0A81}.Release|x64.Build.0 = Release|x64
		{EB4FA23F-47D7-4323-9211-2CF60FED0A81}.Release|x86.ActiveCfg = Release|x86
		{EB4FA23F-47D7-4323-9211-2CF60FED0A81}.Release|x86.Build.0 = Release|x86
		{39AD68C1-8FEF-4B75-82D8-2E6071680737}.Debug|Any CPU.ActiveCfg = Debug|Any CPU
		{39AD68C1-8FEF-4B75-82D8-2E6071680737}.Debug|Any CPU.Build.0 = Debug|Any CPU
		{39AD68C1-8FEF-4B75-82D8-2E6071680737}.Debug|x64.ActiveCfg = Debug|x64
		{39AD68C1-8FEF-4B75-82D8-2E6071680737}.Debug|x64.Build.0 = Debug|x64
		{39AD68C1-8FEF-4B75-82D8-2E6071680737}.Debug|x86.ActiveCfg = Debug|x86
		{39AD68C1-8FEF-4B75-82D8-2E6071680737}.Debug|x86.Build.0 = Debug|x86
		{39AD68C1-8FEF-4B75-82D8-2E6071680737}.Release|Any CPU.ActiveCfg = Release|Any CPU
		{39AD68C1-8FEF-4B75-82D8-2E6071680737}.Release|Any CPU.Build.0 = Release|Any CPU
		{39AD68C1-8FEF-4B75-82D8-2E6071680737}.Release|x64.ActiveCfg = Release|x64
		{39AD68C1-8FEF-4B75-82D8-2E6071680737}.Release|x64.Build.0 = Release|x64
		{39AD68C1-8FEF-4B75-82D8-2E6071680737}.Release|x86.ActiveCfg = Release|x86
		{39AD68C1-8FEF-4B75-82D8-2E6071680737}.Release|x86.Build.0 = Release|x86
		{F69D0AF2-643D-4A01-A689-93FC2FBFA619}.Debug|Any CPU.ActiveCfg = Debug|Any CPU
		{F69D0AF2-643D-4A01-A689-93FC2FBFA619}.Debug|Any CPU.Build.0 = Debug|Any CPU
		{F69D0AF2-643D-4A01-A689-93FC2FBFA619}.Debug|x64.ActiveCfg = Debug|x64
		{F69D0AF2-643D-4A01-A689-93FC2FBFA619}.Debug|x64.Build.0 = Debug|x64
		{F69D0AF2-643D-4A01-A689-93FC2FBFA619}.Debug|x86.ActiveCfg = Debug|x86
		{F69D0AF2-643D-4A01-A689-93FC2FBFA619}.Debug|x86.Build.0 = Debug|x86
		{F69D0AF2-643D-4A01-A689-93FC2FBFA619}.Release|Any CPU.ActiveCfg = Release|Any CPU
		{F69D0AF2-643D-4A01-A689-93FC2FBFA619}.Release|Any CPU.Build.0 = Release|Any CPU
		{F69D0AF2-643D-4A01-A689-93FC2FBFA619}.Release|x64.ActiveCfg = Release|x64
		{F69D0AF2-643D-4A01-A689-93FC2FBFA619}.Release|x64.Build.0 = Release|x64
		{F69D0AF2-643D-4A01-A689-93FC2FBFA619}.Release|x86.ActiveCfg = Release|x86
		{F69D0AF2-643D-4A01-A689-93FC2FBFA619}.Release|x86.Build.0 = Release|x86
		{B000B0DA-8A60-40B3-9B1E-2C4CA74B2668}.Debug|Any CPU.ActiveCfg = Debug|Any CPU
		{B000B0DA-8A60-40B3-9B1E-2C4CA74B2668}.Debug|Any CPU.Build.0 = Debug|Any CPU
		{B000B0DA-8A60-40B3-9B1E-2C4CA74B2668}.Debug|x64.ActiveCfg = Debug|x64
		{B000B0DA-8A60-40B3-9B1E-2C4CA74B2668}.Debug|x64.Build.0 = Debug|x64
		{B000B0DA-8A60-40B3-9B1E-2C4CA74B2668}.Debug|x86.ActiveCfg = Debug|x86
		{B000B0DA-8A60-40B3-9B1E-2C4CA74B2668}.Debug|x86.Build.0 = Debug|x86
		{B000B0DA-8A60-40B3-9B1E-2C4CA74B2668}.Release|Any CPU.ActiveCfg = Release|Any CPU
		{B000B0DA-8A60-40B3-9B1E-2C4CA74B2668}.Release|Any CPU.Build.0 = Release|Any CPU
		{B000B0DA-8A60-40B3-9B1E-2C4CA74B2668}.Release|x64.ActiveCfg = Release|x64
		{B000B0DA-8A60-40B3-9B1E-2C4CA74B2668}.Release|x64.Build.0 = Release|x64
		{B000B0DA-8A60-40B3-9B1E-2C4CA74B2668}.Release|x86.ActiveCfg = Release|x86
		{B000B0DA-8A60-40B3-9B1E-2C4CA74B2668}.Release|x86.Build.0 = Release|x86
		{E8B19DCB-770E-42EE-A259-93C21CFF4AC7}.Debug|Any CPU.ActiveCfg = Debug|Any CPU
		{E8B19DCB-770E-42EE-A259-93C21CFF4AC7}.Debug|Any CPU.Build.0 = Debug|Any CPU
		{E8B19DCB-770E-42EE-A259-93C21CFF4AC7}.Debug|x64.ActiveCfg = Debug|x64
		{E8B19DCB-770E-42EE-A259-93C21CFF4AC7}.Debug|x64.Build.0 = Debug|x64
		{E8B19DCB-770E-42EE-A259-93C21CFF4AC7}.Debug|x86.ActiveCfg = Debug|x86
		{E8B19DCB-770E-42EE-A259-93C21CFF4AC7}.Debug|x86.Build.0 = Debug|x86
		{E8B19DCB-770E-42EE-A259-93C21CFF4AC7}.Release|Any CPU.ActiveCfg = Release|Any CPU
		{E8B19DCB-770E-42EE-A259-93C21CFF4AC7}.Release|Any CPU.Build.0 = Release|Any CPU
		{E8B19DCB-770E-42EE-A259-93C21CFF4AC7}.Release|x64.ActiveCfg = Release|x64
		{E8B19DCB-770E-42EE-A259-93C21CFF4AC7}.Release|x64.Build.0 = Release|x64
		{E8B19DCB-770E-42EE-A259-93C21CFF4AC7}.Release|x86.ActiveCfg = Release|x86
		{E8B19DCB-770E-42EE-A259-93C21CFF4AC7}.Release|x86.Build.0 = Release|x86
		{3BD1ABA2-4B0D-4616-95A4-2F2F5616FD7A}.Debug|Any CPU.ActiveCfg = Debug|Any CPU
		{3BD1ABA2-4B0D-4616-95A4-2F2F5616FD7A}.Debug|Any CPU.Build.0 = Debug|Any CPU
		{3BD1ABA2-4B0D-4616-95A4-2F2F5616FD7A}.Debug|x64.ActiveCfg = Debug|x64
		{3BD1ABA2-4B0D-4616-95A4-2F2F5616FD7A}.Debug|x64.Build.0 = Debug|x64
		{3BD1ABA2-4B0D-4616-95A4-2F2F5616FD7A}.Debug|x86.ActiveCfg = Debug|x86
		{3BD1ABA2-4B0D-4616-95A4-2F2F5616FD7A}.Debug|x86.Build.0 = Debug|x86
		{3BD1ABA2-4B0D-4616-95A4-2F2F5616FD7A}.Release|Any CPU.ActiveCfg = Release|Any CPU
		{3BD1ABA2-4B0D-4616-95A4-2F2F5616FD7A}.Release|Any CPU.Build.0 = Release|Any CPU
		{3BD1ABA2-4B0D-4616-95A4-2F2F5616FD7A}.Release|x64.ActiveCfg = Release|x64
		{3BD1ABA2-4B0D-4616-95A4-2F2F5616FD7A}.Release|x64.Build.0 = Release|x64
		{3BD1ABA2-4B0D-4616-95A4-2F2F5616FD7A}.Release|x86.ActiveCfg = Release|x86
		{3BD1ABA2-4B0D-4616-95A4-2F2F5616FD7A}.Release|x86.Build.0 = Release|x86
		{9C367492-69E8-4822-BDC2-0F3CA97590F4}.Debug|Any CPU.ActiveCfg = Debug|Any CPU
		{9C367492-69E8-4822-BDC2-0F3CA97590F4}.Debug|Any CPU.Build.0 = Debug|Any CPU
		{9C367492-69E8-4822-BDC2-0F3CA97590F4}.Debug|x64.ActiveCfg = Debug|x64
		{9C367492-69E8-4822-BDC2-0F3CA97590F4}.Debug|x64.Build.0 = Debug|x64
		{9C367492-69E8-4822-BDC2-0F3CA97590F4}.Debug|x86.ActiveCfg = Debug|x86
		{9C367492-69E8-4822-BDC2-0F3CA97590F4}.Debug|x86.Build.0 = Debug|x86
		{9C367492-69E8-4822-BDC2-0F3CA97590F4}.Release|Any CPU.ActiveCfg = Release|Any CPU
		{9C367492-69E8-4822-BDC2-0F3CA97590F4}.Release|Any CPU.Build.0 = Release|Any CPU
		{9C367492-69E8-4822-BDC2-0F3CA97590F4}.Release|x64.ActiveCfg = Release|x64
		{9C367492-69E8-4822-BDC2-0F3CA97590F4}.Release|x64.Build.0 = Release|x64
		{9C367492-69E8-4822-BDC2-0F3CA97590F4}.Release|x86.ActiveCfg = Release|x86
		{9C367492-69E8-4822-BDC2-0F3CA97590F4}.Release|x86.Build.0 = Release|x86
		{79D7444C-E45D-4398-8797-3FC24863AEF3}.Debug|Any CPU.ActiveCfg = Debug|Any CPU
		{79D7444C-E45D-4398-8797-3FC24863AEF3}.Debug|Any CPU.Build.0 = Debug|Any CPU
		{79D7444C-E45D-4398-8797-3FC24863AEF3}.Debug|x64.ActiveCfg = Debug|x64
		{79D7444C-E45D-4398-8797-3FC24863AEF3}.Debug|x64.Build.0 = Debug|x64
		{79D7444C-E45D-4398-8797-3FC24863AEF3}.Debug|x86.ActiveCfg = Debug|x86
		{79D7444C-E45D-4398-8797-3FC24863AEF3}.Debug|x86.Build.0 = Debug|x86
		{79D7444C-E45D-4398-8797-3FC24863AEF3}.Release|Any CPU.ActiveCfg = Release|Any CPU
		{79D7444C-E45D-4398-8797-3FC24863AEF3}.Release|Any CPU.Build.0 = Release|Any CPU
		{79D7444C-E45D-4398-8797-3FC24863AEF3}.Release|x64.ActiveCfg = Release|x64
		{79D7444C-E45D-4398-8797-3FC24863AEF3}.Release|x64.Build.0 = Release|x64
		{79D7444C-E45D-4398-8797-3FC24863AEF3}.Release|x86.ActiveCfg = Release|x86
		{79D7444C-E45D-4398-8797-3FC24863AEF3}.Release|x86.Build.0 = Release|x86
		{2B9625AA-7D4F-449E-8D0D-F20CD3A327D5}.Debug|Any CPU.ActiveCfg = Debug|Any CPU
		{2B9625AA-7D4F-449E-8D0D-F20CD3A327D5}.Debug|Any CPU.Build.0 = Debug|Any CPU
		{2B9625AA-7D4F-449E-8D0D-F20CD3A327D5}.Debug|x64.ActiveCfg = Debug|x64
		{2B9625AA-7D4F-449E-8D0D-F20CD3A327D5}.Debug|x64.Build.0 = Debug|x64
		{2B9625AA-7D4F-449E-8D0D-F20CD3A327D5}.Debug|x86.ActiveCfg = Debug|x86
		{2B9625AA-7D4F-449E-8D0D-F20CD3A327D5}.Debug|x86.Build.0 = Debug|x86
		{2B9625AA-7D4F-449E-8D0D-F20CD3A327D5}.Release|Any CPU.ActiveCfg = Release|Any CPU
		{2B9625AA-7D4F-449E-8D0D-F20CD3A327D5}.Release|Any CPU.Build.0 = Release|Any CPU
		{2B9625AA-7D4F-449E-8D0D-F20CD3A327D5}.Release|x64.ActiveCfg = Release|x64
		{2B9625AA-7D4F-449E-8D0D-F20CD3A327D5}.Release|x64.Build.0 = Release|x64
		{2B9625AA-7D4F-449E-8D0D-F20CD3A327D5}.Release|x86.ActiveCfg = Release|x86
		{2B9625AA-7D4F-449E-8D0D-F20CD3A327D5}.Release|x86.Build.0 = Release|x86
		{FDCA0B44-E666-4A28-9B45-C981943205B0}.Debug|Any CPU.ActiveCfg = Debug|Any CPU
		{FDCA0B44-E666-4A28-9B45-C981943205B0}.Debug|Any CPU.Build.0 = Debug|Any CPU
		{FDCA0B44-E666-4A28-9B45-C981943205B0}.Debug|x64.ActiveCfg = Debug|Any CPU
		{FDCA0B44-E666-4A28-9B45-C981943205B0}.Debug|x64.Build.0 = Debug|Any CPU
		{FDCA0B44-E666-4A28-9B45-C981943205B0}.Debug|x86.ActiveCfg = Debug|Any CPU
		{FDCA0B44-E666-4A28-9B45-C981943205B0}.Debug|x86.Build.0 = Debug|Any CPU
		{FDCA0B44-E666-4A28-9B45-C981943205B0}.Release|Any CPU.ActiveCfg = Release|Any CPU
		{FDCA0B44-E666-4A28-9B45-C981943205B0}.Release|Any CPU.Build.0 = Release|Any CPU
		{FDCA0B44-E666-4A28-9B45-C981943205B0}.Release|x64.ActiveCfg = Release|Any CPU
		{FDCA0B44-E666-4A28-9B45-C981943205B0}.Release|x64.Build.0 = Release|Any CPU
		{FDCA0B44-E666-4A28-9B45-C981943205B0}.Release|x86.ActiveCfg = Release|Any CPU
		{FDCA0B44-E666-4A28-9B45-C981943205B0}.Release|x86.Build.0 = Release|Any CPU
		{A0A1E710-8516-4DAC-8046-DFE6778206DD}.Debug|Any CPU.ActiveCfg = Debug|Any CPU
		{A0A1E710-8516-4DAC-8046-DFE6778206DD}.Debug|Any CPU.Build.0 = Debug|Any CPU
		{A0A1E710-8516-4DAC-8046-DFE6778206DD}.Debug|x64.ActiveCfg = Debug|Any CPU
		{A0A1E710-8516-4DAC-8046-DFE6778206DD}.Debug|x64.Build.0 = Debug|Any CPU
		{A0A1E710-8516-4DAC-8046-DFE6778206DD}.Debug|x86.ActiveCfg = Debug|Any CPU
		{A0A1E710-8516-4DAC-8046-DFE6778206DD}.Debug|x86.Build.0 = Debug|Any CPU
		{A0A1E710-8516-4DAC-8046-DFE6778206DD}.Release|Any CPU.ActiveCfg = Release|Any CPU
		{A0A1E710-8516-4DAC-8046-DFE6778206DD}.Release|Any CPU.Build.0 = Release|Any CPU
		{A0A1E710-8516-4DAC-8046-DFE6778206DD}.Release|x64.ActiveCfg = Release|Any CPU
		{A0A1E710-8516-4DAC-8046-DFE6778206DD}.Release|x64.Build.0 = Release|Any CPU
		{A0A1E710-8516-4DAC-8046-DFE6778206DD}.Release|x86.ActiveCfg = Release|Any CPU
		{A0A1E710-8516-4DAC-8046-DFE6778206DD}.Release|x86.Build.0 = Release|Any CPU
		{6D59C90E-80FA-4504-B181-7908ADABF4F6}.Debug|Any CPU.ActiveCfg = Debug|Any CPU
		{6D59C90E-80FA-4504-B181-7908ADABF4F6}.Debug|Any CPU.Build.0 = Debug|Any CPU
		{6D59C90E-80FA-4504-B181-7908ADABF4F6}.Debug|x64.ActiveCfg = Debug|Any CPU
		{6D59C90E-80FA-4504-B181-7908ADABF4F6}.Debug|x64.Build.0 = Debug|Any CPU
		{6D59C90E-80FA-4504-B181-7908ADABF4F6}.Debug|x86.ActiveCfg = Debug|Any CPU
		{6D59C90E-80FA-4504-B181-7908ADABF4F6}.Debug|x86.Build.0 = Debug|Any CPU
		{6D59C90E-80FA-4504-B181-7908ADABF4F6}.Release|Any CPU.ActiveCfg = Release|Any CPU
		{6D59C90E-80FA-4504-B181-7908ADABF4F6}.Release|Any CPU.Build.0 = Release|Any CPU
		{6D59C90E-80FA-4504-B181-7908ADABF4F6}.Release|x64.ActiveCfg = Release|Any CPU
		{6D59C90E-80FA-4504-B181-7908ADABF4F6}.Release|x64.Build.0 = Release|Any CPU
		{6D59C90E-80FA-4504-B181-7908ADABF4F6}.Release|x86.ActiveCfg = Release|Any CPU
		{6D59C90E-80FA-4504-B181-7908ADABF4F6}.Release|x86.Build.0 = Release|Any CPU
		{BE567268-B077-4738-A507-F72C383E9359}.Debug|Any CPU.ActiveCfg = Debug|Any CPU
		{BE567268-B077-4738-A507-F72C383E9359}.Debug|Any CPU.Build.0 = Debug|Any CPU
		{BE567268-B077-4738-A507-F72C383E9359}.Debug|x64.ActiveCfg = Debug|x64
		{BE567268-B077-4738-A507-F72C383E9359}.Debug|x64.Build.0 = Debug|x64
		{BE567268-B077-4738-A507-F72C383E9359}.Debug|x86.ActiveCfg = Debug|x86
		{BE567268-B077-4738-A507-F72C383E9359}.Debug|x86.Build.0 = Debug|x86
		{BE567268-B077-4738-A507-F72C383E9359}.Release|Any CPU.ActiveCfg = Release|Any CPU
		{BE567268-B077-4738-A507-F72C383E9359}.Release|Any CPU.Build.0 = Release|Any CPU
		{BE567268-B077-4738-A507-F72C383E9359}.Release|x64.ActiveCfg = Release|x64
		{BE567268-B077-4738-A507-F72C383E9359}.Release|x64.Build.0 = Release|x64
		{BE567268-B077-4738-A507-F72C383E9359}.Release|x86.ActiveCfg = Release|x86
		{BE567268-B077-4738-A507-F72C383E9359}.Release|x86.Build.0 = Release|x86
		{F536FBDA-D7B0-4ADF-9794-904F2C280D82}.Debug|Any CPU.ActiveCfg = Debug|Any CPU
		{F536FBDA-D7B0-4ADF-9794-904F2C280D82}.Debug|Any CPU.Build.0 = Debug|Any CPU
		{F536FBDA-D7B0-4ADF-9794-904F2C280D82}.Debug|x64.ActiveCfg = Debug|x64
		{F536FBDA-D7B0-4ADF-9794-904F2C280D82}.Debug|x64.Build.0 = Debug|x64
		{F536FBDA-D7B0-4ADF-9794-904F2C280D82}.Debug|x86.ActiveCfg = Debug|x86
		{F536FBDA-D7B0-4ADF-9794-904F2C280D82}.Debug|x86.Build.0 = Debug|x86
		{F536FBDA-D7B0-4ADF-9794-904F2C280D82}.Release|Any CPU.ActiveCfg = Release|Any CPU
		{F536FBDA-D7B0-4ADF-9794-904F2C280D82}.Release|Any CPU.Build.0 = Release|Any CPU
		{F536FBDA-D7B0-4ADF-9794-904F2C280D82}.Release|x64.ActiveCfg = Release|x64
		{F536FBDA-D7B0-4ADF-9794-904F2C280D82}.Release|x64.Build.0 = Release|x64
		{F536FBDA-D7B0-4ADF-9794-904F2C280D82}.Release|x86.ActiveCfg = Release|x86
		{F536FBDA-D7B0-4ADF-9794-904F2C280D82}.Release|x86.Build.0 = Release|x86
		{9A0DF1D1-3D6E-4D14-9C6B-DDFB21E979E0}.Debug|Any CPU.ActiveCfg = Debug|Any CPU
		{9A0DF1D1-3D6E-4D14-9C6B-DDFB21E979E0}.Debug|Any CPU.Build.0 = Debug|Any CPU
		{9A0DF1D1-3D6E-4D14-9C6B-DDFB21E979E0}.Debug|x64.ActiveCfg = Debug|Any CPU
		{9A0DF1D1-3D6E-4D14-9C6B-DDFB21E979E0}.Debug|x64.Build.0 = Debug|Any CPU
		{9A0DF1D1-3D6E-4D14-9C6B-DDFB21E979E0}.Debug|x86.ActiveCfg = Debug|Any CPU
		{9A0DF1D1-3D6E-4D14-9C6B-DDFB21E979E0}.Debug|x86.Build.0 = Debug|Any CPU
		{9A0DF1D1-3D6E-4D14-9C6B-DDFB21E979E0}.Release|Any CPU.ActiveCfg = Release|Any CPU
		{9A0DF1D1-3D6E-4D14-9C6B-DDFB21E979E0}.Release|Any CPU.Build.0 = Release|Any CPU
		{9A0DF1D1-3D6E-4D14-9C6B-DDFB21E979E0}.Release|x64.ActiveCfg = Release|Any CPU
		{9A0DF1D1-3D6E-4D14-9C6B-DDFB21E979E0}.Release|x64.Build.0 = Release|Any CPU
		{9A0DF1D1-3D6E-4D14-9C6B-DDFB21E979E0}.Release|x86.ActiveCfg = Release|Any CPU
		{9A0DF1D1-3D6E-4D14-9C6B-DDFB21E979E0}.Release|x86.Build.0 = Release|Any CPU
		{CDBEB84B-A8CF-4CC2-A559-EB22E05464B0}.Debug|Any CPU.ActiveCfg = Debug|Any CPU
		{CDBEB84B-A8CF-4CC2-A559-EB22E05464B0}.Debug|Any CPU.Build.0 = Debug|Any CPU
		{CDBEB84B-A8CF-4CC2-A559-EB22E05464B0}.Debug|x64.ActiveCfg = Debug|Any CPU
		{CDBEB84B-A8CF-4CC2-A559-EB22E05464B0}.Debug|x64.Build.0 = Debug|Any CPU
		{CDBEB84B-A8CF-4CC2-A559-EB22E05464B0}.Debug|x86.ActiveCfg = Debug|Any CPU
		{CDBEB84B-A8CF-4CC2-A559-EB22E05464B0}.Debug|x86.Build.0 = Debug|Any CPU
		{CDBEB84B-A8CF-4CC2-A559-EB22E05464B0}.Release|Any CPU.ActiveCfg = Release|Any CPU
		{CDBEB84B-A8CF-4CC2-A559-EB22E05464B0}.Release|Any CPU.Build.0 = Release|Any CPU
		{CDBEB84B-A8CF-4CC2-A559-EB22E05464B0}.Release|x64.ActiveCfg = Release|Any CPU
		{CDBEB84B-A8CF-4CC2-A559-EB22E05464B0}.Release|x64.Build.0 = Release|Any CPU
		{CDBEB84B-A8CF-4CC2-A559-EB22E05464B0}.Release|x86.ActiveCfg = Release|Any CPU
		{CDBEB84B-A8CF-4CC2-A559-EB22E05464B0}.Release|x86.Build.0 = Release|Any CPU
	EndGlobalSection
	GlobalSection(SolutionProperties) = preSolution
		HideSolutionNode = FALSE
	EndGlobalSection
	GlobalSection(NestedProjects) = preSolution
		{4D7854BA-CAA9-4543-B25F-C480FD0D88DF} = {5D3D83A5-9061-4B82-BC28-7957B135E4A3}
		{CD31357A-D8D3-4AD1-BF0B-2ABCFD735F96} = {5D3D83A5-9061-4B82-BC28-7957B135E4A3}
		{645B9772-D351-4A92-9A56-D1EE446E81D3} = {5D3D83A5-9061-4B82-BC28-7957B135E4A3}
		{875890BA-D4A0-4100-A924-7F5842C7AB89} = {5D3D83A5-9061-4B82-BC28-7957B135E4A3}
		{64B8F059-9979-40D2-AA55-AB28D5DF8A8B} = {5D3D83A5-9061-4B82-BC28-7957B135E4A3}
		{CFD6D70A-A7DE-4DA3-ACA6-7CA21960D4F6} = {5D3D83A5-9061-4B82-BC28-7957B135E4A3}
		{739B039D-FD89-486A-889F-44C74443DDB9} = {5D3D83A5-9061-4B82-BC28-7957B135E4A3}
		{15CB906F-8BE8-4F7A-80FA-7C538388DA24} = {5D3D83A5-9061-4B82-BC28-7957B135E4A3}
		{8CE01EA6-5758-42F8-9593-7D7A5C83692C} = {5D3D83A5-9061-4B82-BC28-7957B135E4A3}
		{64197B7D-F0E2-4B9C-946A-44A63555F2A4} = {5D3D83A5-9061-4B82-BC28-7957B135E4A3}
		{D0B46462-1310-4552-B35A-AD7E3FA1BD5A} = {5D3D83A5-9061-4B82-BC28-7957B135E4A3}
		{88191122-2EB1-4D3A-B4C9-B61E3372ECB2} = {5D3D83A5-9061-4B82-BC28-7957B135E4A3}
		{EB4FA23F-47D7-4323-9211-2CF60FED0A81} = {5D3D83A5-9061-4B82-BC28-7957B135E4A3}
		{39AD68C1-8FEF-4B75-82D8-2E6071680737} = {5D3D83A5-9061-4B82-BC28-7957B135E4A3}
		{B000B0DA-8A60-40B3-9B1E-2C4CA74B2668} = {5D3D83A5-9061-4B82-BC28-7957B135E4A3}
		{E8B19DCB-770E-42EE-A259-93C21CFF4AC7} = {5D3D83A5-9061-4B82-BC28-7957B135E4A3}
		{3BD1ABA2-4B0D-4616-95A4-2F2F5616FD7A} = {5D3D83A5-9061-4B82-BC28-7957B135E4A3}
		{9C367492-69E8-4822-BDC2-0F3CA97590F4} = {5D3D83A5-9061-4B82-BC28-7957B135E4A3}
		{FDCA0B44-E666-4A28-9B45-C981943205B0} = {5D3D83A5-9061-4B82-BC28-7957B135E4A3}
		{A0A1E710-8516-4DAC-8046-DFE6778206DD} = {5D3D83A5-9061-4B82-BC28-7957B135E4A3}
		{6D59C90E-80FA-4504-B181-7908ADABF4F6} = {5D3D83A5-9061-4B82-BC28-7957B135E4A3}
	EndGlobalSection
	GlobalSection(ExtensibilityGlobals) = postSolution
		SolutionGuid = {826E0F4C-D1D3-4115-8F7D-13F13E5D3CE5}
	EndGlobalSection
EndGlobal
